
Microsoft Visual Studio Solution File, Format Version 12.00
# Visual Studio Version 16
VisualStudioVersion = 16.0.32126.315
MinimumVisualStudioVersion = 10.0.40219.1
Project("{FAE04EC0-301F-11D3-BF4B-00C04F79EFBC}") = "Student Activity Tracker", "Student Activity Tracker.csproj", "{562DF67C-2DF3-4503-9278-83380EE37917}"
EndProject
Global
	GlobalSection(SolutionConfigurationPlatforms) = preSolution
		Debug|Any CPU = Debug|Any CPU
		Release|Any CPU = Release|Any CPU
	EndGlobalSection
	GlobalSection(ProjectConfigurationPlatforms) = postSolution
		{562DF67C-2DF3-4503-9278-83380EE37917}.Debug|Any CPU.ActiveCfg = Debug|Any CPU
		{562DF67C-2DF3-4503-9278-83380EE37917}.Debug|Any CPU.Build.0 = Debug|Any CPU
		{562DF67C-2DF3-4503-9278-83380EE37917}.Release|Any CPU.ActiveCfg = Release|Any CPU
		{562DF67C-2DF3-4503-9278-83380EE37917}.Release|Any CPU.Build.0 = Release|Any CPU
	EndGlobalSection
	GlobalSection(SolutionProperties) = preSolution
		HideSolutionNode = FALSE
	EndGlobalSection
	GlobalSection(ExtensibilityGlobals) = postSolution
		SolutionGuid = {386A065D-B25A-4D26-8409-CE91AB3B8E4E}
	EndGlobalSection
EndGlobal
